
Microsoft Visual Studio Solution File, Format Version 12.00
# Visual Studio Version 16
VisualStudioVersion = 16.0.30523.141
MinimumVisualStudioVersion = 10.0.40219.1
Project("{FAE04EC0-301F-11D3-BF4B-00C04F79EFBC}") = "DemoBattleSessionStats(DBSS)", "DemoBattleSessionStats(DBSS)\DemoBattleSessionStats(DBSS).csproj", "{9BF0BF30-BC8D-49A8-B17D-E05667E1A586}"
EndProject
Global
	GlobalSection(SolutionConfigurationPlatforms) = preSolution
		Debug|Any CPU = Debug|Any CPU
		Release|Any CPU = Release|Any CPU
	EndGlobalSection
	GlobalSection(ProjectConfigurationPlatforms) = postSolution
		{9BF0BF30-BC8D-49A8-B17D-E05667E1A586}.Debug|Any CPU.ActiveCfg = Debug|Any CPU
		{9BF0BF30-BC8D-49A8-B17D-E05667E1A586}.Debug|Any CPU.Build.0 = Debug|Any CPU
		{9BF0BF30-BC8D-49A8-B17D-E05667E1A586}.Release|Any CPU.ActiveCfg = Release|Any CPU
		{9BF0BF30-BC8D-49A8-B17D-E05667E1A586}.Release|Any CPU.Build.0 = Release|Any CPU
	EndGlobalSection
	GlobalSection(SolutionProperties) = preSolution
		HideSolutionNode = FALSE
	EndGlobalSection
	GlobalSection(ExtensibilityGlobals) = postSolution
		SolutionGuid = {1892853A-68D5-4E5D-A82A-0CB4F1BCA755}
	EndGlobalSection
EndGlobal
